<?xml version="1.0" encoding="utf-8"?>
<Project ToolsVersion="4.0" xmlns="http://schemas.microsoft.com/developer/msbuild/2003">
  <ItemGroup>
    <Filter Include="Source Files">
      <UniqueIdentifier>{4FC737F1-C7A5-4376-A066-2A32D752A2FF}</UniqueIdentifier>
      <Extensions>cpp;c;cc;cxx;c++;cppm;ixx;def;odl;idl;hpj;bat;asm;asmx</Extensions>
    </Filter>
    <Filter Include="Header Files">
      <UniqueIdentifier>{93995380-89BD-4b04-88EB-625FBE52EBFB}</UniqueIdentifier>
      <Extensions>h;hh;hpp;hxx;h++;hm;inl;inc;ipp;xsd</Extensions>
    </Filter>
    <Filter Include="Resource Files">
      <UniqueIdentifier>{67DA6AB6-F800-4c08-8B7A-83BB121AAD01}</UniqueIdentifier>
      <Extensions>rc;ico;cur;bmp;dlg;rc2;rct;bin;rgs;gif;jpg;jpeg;jpe;resx;tiff;tif;png;wav;mfcribbon-ms</Extensions>
    </Filter>
    <Filter Include="Shaders">
      <UniqueIdentifier>{ba5313bc-4333-4242-b08f-4bc1f02d7d99}</UniqueIdentifier>
    </Filter>
    <Filter Include="External Source Files">
      <UniqueIdentifier>{923aaf69-d91f-4bbe-a8b9-9e91b602ba25}</UniqueIdentifier>
    </Filter>
    <Filter Include="Source Files\Vulkan">
      <UniqueIdentifier>{9379df5d-7c71-452f-85ea-1f0cbb2a9554}</UniqueIdentifier>
    </Filter>
    <Filter Include="Header Files\Vulkan">
      <UniqueIdentifier>{b710abb5-25f8-43f0-afe6-865dc9aaa9d8}</UniqueIdentifier>
    </Filter>
    <Filter Include="Source Files\Vulkan\Window">
      <UniqueIdentifier>{f18832ca-8a24-4ec2-861d-fc133d5ad2aa}</UniqueIdentifier>
    </Filter>
    <Filter Include="Header Files\Vulkan\Window">
      <UniqueIdentifier>{6e5a43b9-f317-4b29-af74-434370b22b95}</UniqueIdentifier>
    </Filter>
    <Filter Include="Header Files\Vulkan\Device">
      <UniqueIdentifier>{53ffd014-88d0-42f5-8219-97196e625a6a}</UniqueIdentifier>
    </Filter>
    <Filter Include="Source Files\Vulkan\Device">
      <UniqueIdentifier>{a60eefa9-ae6d-4dd5-9510-e124a6f928b6}</UniqueIdentifier>
    </Filter>
    <Filter Include="Header Files\Vulkan\Rendering">
      <UniqueIdentifier>{f585b51d-058c-4461-b10c-71718d120fc6}</UniqueIdentifier>
    </Filter>
    <Filter Include="Source Files\Vulkan\Rendering">
      <UniqueIdentifier>{b661f53e-1830-4895-b3cb-a5c2d4e6a0f9}</UniqueIdentifier>
    </Filter>
    <Filter Include="Source Files\Debugging">
      <UniqueIdentifier>{1e843383-082d-45a0-95b9-158dc03e69c6}</UniqueIdentifier>
    </Filter>
    <Filter Include="Header Files\Debugging">
      <UniqueIdentifier>{d034b496-16d5-4088-8eaf-7a4fa56d3501}</UniqueIdentifier>
    </Filter>
    <Filter Include="Header Files\Misc">
      <UniqueIdentifier>{f0453947-e8bc-43f8-8872-b057068944ff}</UniqueIdentifier>
    </Filter>
    <Filter Include="Source Files\Misc">
      <UniqueIdentifier>{65a2d263-dbc2-4b16-824b-15c35336848a}</UniqueIdentifier>
    </Filter>
    <Filter Include="Header Files\Vulkan\Model">
      <UniqueIdentifier>{e91c8ece-1d1b-42ab-97c6-772761aaddf7}</UniqueIdentifier>
    </Filter>
    <Filter Include="Source Files\Vulkan\Model">
      <UniqueIdentifier>{2add4080-acee-4524-b63f-d0a79507a86b}</UniqueIdentifier>
    </Filter>
  </ItemGroup>
  <ItemGroup>
    <ClCompile Include="main.cpp">
      <Filter>Source Files</Filter>
    </ClCompile>
    <ClCompile Include="..\..\..\..\..\..\..\SDKs\imgui\imgui.cpp">
      <Filter>External Source Files</Filter>
    </ClCompile>
    <ClCompile Include="..\..\..\..\..\..\..\SDKs\imgui\imgui_demo.cpp">
      <Filter>External Source Files</Filter>
    </ClCompile>
    <ClCompile Include="..\..\..\..\..\..\..\SDKs\imgui\imgui_draw.cpp">
      <Filter>External Source Files</Filter>
    </ClCompile>
    <ClCompile Include="..\..\..\..\..\..\..\SDKs\imgui\imgui_tables.cpp">
      <Filter>External Source Files</Filter>
    </ClCompile>
    <ClCompile Include="..\..\..\..\..\..\..\SDKs\imgui\imgui_widgets.cpp">
      <Filter>External Source Files</Filter>
    </ClCompile>
    <ClCompile Include="..\..\..\..\..\..\..\SDKs\imgui\backends\imgui_impl_glfw.cpp">
      <Filter>External Source Files</Filter>
    </ClCompile>
    <ClCompile Include="..\..\..\..\..\..\..\SDKs\imgui\backends\imgui_impl_vulkan.cpp">
      <Filter>External Source Files</Filter>
    </ClCompile>
    <ClCompile Include="..\..\..\..\..\..\..\SDKs\imgui\misc\cpp\imgui_stdlib.cpp">
      <Filter>External Source Files</Filter>
    </ClCompile>
    <ClCompile Include="Window.cpp">
      <Filter>Source Files\Vulkan\Window</Filter>
    </ClCompile>
    <ClCompile Include="Surface.cpp">
      <Filter>Source Files\Vulkan\Window</Filter>
    </ClCompile>
    <ClCompile Include="LogicalDevice.cpp">
      <Filter>Source Files\Vulkan\Device</Filter>
    </ClCompile>
    <ClCompile Include="PhysicalDevice.cpp">
      <Filter>Source Files\Vulkan\Device</Filter>
    </ClCompile>
    <ClCompile Include="GraphicsInstance.cpp">
      <Filter>Source Files\Vulkan</Filter>
    </ClCompile>
    <ClCompile Include="Swapchain.cpp">
      <Filter>Source Files\Vulkan\Rendering</Filter>
    </ClCompile>
    <ClCompile Include="Texture.cpp">
      <Filter>Source Files\Vulkan\Rendering</Filter>
    </ClCompile>
    <ClCompile Include="Image.cpp">
      <Filter>Source Files\Vulkan\Rendering</Filter>
    </ClCompile>
    <ClCompile Include="CommandPool.cpp">
      <Filter>Source Files\Vulkan</Filter>
    </ClCompile>
    <ClCompile Include="Debug.cpp">
      <Filter>Source Files\Debugging</Filter>
    </ClCompile>
    <ClCompile Include="HelloTriangleApp.cpp">
      <Filter>Source Files\Misc</Filter>
    </ClCompile>
    <ClCompile Include="Buffer.cpp">
      <Filter>Source Files\Vulkan</Filter>
    </ClCompile>
    <ClCompile Include="Model.cpp">
      <Filter>Source Files\Vulkan\Model</Filter>
    </ClCompile>
  </ItemGroup>
  <ItemGroup>
    <ClInclude Include="Window.h">
      <Filter>Header Files\Vulkan\Window</Filter>
    </ClInclude>
    <ClInclude Include="Surface.h">
      <Filter>Header Files\Vulkan\Window</Filter>
    </ClInclude>
    <ClInclude Include="LogicalDevice.h">
      <Filter>Header Files\Vulkan\Device</Filter>
    </ClInclude>
    <ClInclude Include="PhysicalDevice.h">
      <Filter>Header Files\Vulkan\Device</Filter>
    </ClInclude>
    <ClInclude Include="Queues.h">
      <Filter>Header Files\Vulkan\Device</Filter>
    </ClInclude>
    <ClInclude Include="GraphicsInstance.h">
      <Filter>Header Files\Vulkan</Filter>
    </ClInclude>
    <ClInclude Include="Swapchain.h">
      <Filter>Header Files\Vulkan\Rendering</Filter>
    </ClInclude>
    <ClInclude Include="Texture.h">
      <Filter>Header Files\Vulkan\Rendering</Filter>
    </ClInclude>
    <ClInclude Include="Image.h">
      <Filter>Header Files\Vulkan\Rendering</Filter>
    </ClInclude>
    <ClInclude Include="Debug.h">
      <Filter>Header Files\Debugging</Filter>
    </ClInclude>
    <ClInclude Include="CommandPool.h">
      <Filter>Header Files\Vulkan</Filter>
    </ClInclude>
    <ClInclude Include="HelloTriangleApp.h">
      <Filter>Header Files\Misc</Filter>
    </ClInclude>
    <ClInclude Include="Structures.h">
      <Filter>Header Files\Misc</Filter>
    </ClInclude>
    <ClInclude Include="Buffer.h">
      <Filter>Header Files\Vulkan</Filter>
    </ClInclude>
    <ClInclude Include="Model.h">
      <Filter>Header Files\Vulkan\Model</Filter>
    </ClInclude>
    <ClInclude Include="ModelData.h">
      <Filter>Header Files\Vulkan\Model</Filter>
    </ClInclude>
  </ItemGroup>
  <ItemGroup>
    <None Include="shaders\shader.vert">
      <Filter>Shaders</Filter>
    </None>
    <None Include="shaders\shader.frag">
      <Filter>Shaders</Filter>
    </None>
    <None Include="shaders\compile_shaders.bat">
      <Filter>Shaders</Filter>
    </None>
  </ItemGroup>
</Project>